
Microsoft Visual Studio Solution File, Format Version 12.00
# Visual Studio 15
VisualStudioVersion = 15.0.28307.136
MinimumVisualStudioVersion = 10.0.40219.1
Project("{9A19103F-16F7-4668-BE54-9A1E7A4F7556}") = "QAutomation.Core", "QAutomation.Core\QAutomation.Core.csproj", "{4778405B-04E8-46A4-AFDB-58558040651D}"
EndProject
Project("{9A19103F-16F7-4668-BE54-9A1E7A4F7556}") = "QAutomation.Selenium", "QAutomation.Selenium\QAutomation.Selenium.csproj", "{78CCCE8F-4804-4CF2-8676-C2450EC9C770}"
EndProject
Project("{9A19103F-16F7-4668-BE54-9A1E7A4F7556}") = "Test", "Test\Test.csproj", "{020FC7EC-8B2D-4460-B65A-B1B7F4774B94}"
EndProject
Project("{9A19103F-16F7-4668-BE54-9A1E7A4F7556}") = "QAutomation.AspectInjector", "QAutomation.AspectInjector\QAutomation.AspectInjector.csproj", "{7C19D601-1A99-4503-A801-E353BBB07E6C}"
EndProject
Project("{9A19103F-16F7-4668-BE54-9A1E7A4F7556}") = "QAutomation.Logging.Abstract", "QAutomation.Logging.Abstract\QAutomation.Logging.Abstract.csproj", "{0FBE8E11-33F8-48FF-BE07-8990E7324551}"
EndProject
Project("{9A19103F-16F7-4668-BE54-9A1E7A4F7556}") = "QAutomation.Selenium.Logged", "QAutomation.Selenium.Logged\QAutomation.Selenium.Logged.csproj", "{2FEEBFEF-0E1E-4783-BD9E-FF88342F9455}"
EndProject
Project("{9A19103F-16F7-4668-BE54-9A1E7A4F7556}") = "QAutomation.Observe", "QAutomation.Observe\QAutomation.Observe.csproj", "{8A75B88B-E911-4247-B9A4-0D06C69F9691}"
EndProject
Project("{FAE04EC0-301F-11D3-BF4B-00C04F79EFBC}") = "CoreTest", "CoreTest\CoreTest.csproj", "{882C90C6-5F0F-4276-A382-E5FEBBB8989E}"
EndProject
Global
	GlobalSection(SolutionConfigurationPlatforms) = preSolution
		Debug|Any CPU = Debug|Any CPU
		Release|Any CPU = Release|Any CPU
	EndGlobalSection
	GlobalSection(ProjectConfigurationPlatforms) = postSolution
		{4778405B-04E8-46A4-AFDB-58558040651D}.Debug|Any CPU.ActiveCfg = Debug|Any CPU
		{4778405B-04E8-46A4-AFDB-58558040651D}.Debug|Any CPU.Build.0 = Debug|Any CPU
		{4778405B-04E8-46A4-AFDB-58558040651D}.Release|Any CPU.ActiveCfg = Release|Any CPU
		{4778405B-04E8-46A4-AFDB-58558040651D}.Release|Any CPU.Build.0 = Release|Any CPU
		{78CCCE8F-4804-4CF2-8676-C2450EC9C770}.Debug|Any CPU.ActiveCfg = Debug|Any CPU
		{78CCCE8F-4804-4CF2-8676-C2450EC9C770}.Debug|Any CPU.Build.0 = Debug|Any CPU
		{78CCCE8F-4804-4CF2-8676-C2450EC9C770}.Release|Any CPU.ActiveCfg = Release|Any CPU
		{78CCCE8F-4804-4CF2-8676-C2450EC9C770}.Release|Any CPU.Build.0 = Release|Any CPU
		{020FC7EC-8B2D-4460-B65A-B1B7F4774B94}.Debug|Any CPU.ActiveCfg = Debug|Any CPU
		{020FC7EC-8B2D-4460-B65A-B1B7F4774B94}.Debug|Any CPU.Build.0 = Debug|Any CPU
		{020FC7EC-8B2D-4460-B65A-B1B7F4774B94}.Release|Any CPU.ActiveCfg = Release|Any CPU
		{020FC7EC-8B2D-4460-B65A-B1B7F4774B94}.Release|Any CPU.Build.0 = Release|Any CPU
		{7C19D601-1A99-4503-A801-E353BBB07E6C}.Debug|Any CPU.ActiveCfg = Debug|Any CPU
		{7C19D601-1A99-4503-A801-E353BBB07E6C}.Debug|Any CPU.Build.0 = Debug|Any CPU
		{7C19D601-1A99-4503-A801-E353BBB07E6C}.Release|Any CPU.ActiveCfg = Release|Any CPU
		{7C19D601-1A99-4503-A801-E353BBB07E6C}.Release|Any CPU.Build.0 = Release|Any CPU
		{0FBE8E11-33F8-48FF-BE07-8990E7324551}.Debug|Any CPU.ActiveCfg = Debug|Any CPU
		{0FBE8E11-33F8-48FF-BE07-8990E7324551}.Debug|Any CPU.Build.0 = Debug|Any CPU
		{0FBE8E11-33F8-48FF-BE07-8990E7324551}.Release|Any CPU.ActiveCfg = Release|Any CPU
		{0FBE8E11-33F8-48FF-BE07-8990E7324551}.Release|Any CPU.Build.0 = Release|Any CPU
		{2FEEBFEF-0E1E-4783-BD9E-FF88342F9455}.Debug|Any CPU.ActiveCfg = Debug|Any CPU
		{2FEEBFEF-0E1E-4783-BD9E-FF88342F9455}.Debug|Any CPU.Build.0 = Debug|Any CPU
		{2FEEBFEF-0E1E-4783-BD9E-FF88342F9455}.Release|Any CPU.ActiveCfg = Release|Any CPU
		{2FEEBFEF-0E1E-4783-BD9E-FF88342F9455}.Release|Any CPU.Build.0 = Release|Any CPU
		{8A75B88B-E911-4247-B9A4-0D06C69F9691}.Debug|Any CPU.ActiveCfg = Debug|Any CPU
		{8A75B88B-E911-4247-B9A4-0D06C69F9691}.Debug|Any CPU.Build.0 = Debug|Any CPU
		{8A75B88B-E911-4247-B9A4-0D06C69F9691}.Release|Any CPU.ActiveCfg = Release|Any CPU
		{8A75B88B-E911-4247-B9A4-0D06C69F9691}.Release|Any CPU.Build.0 = Release|Any CPU
		{882C90C6-5F0F-4276-A382-E5FEBBB8989E}.Debug|Any CPU.ActiveCfg = Debug|Any CPU
		{882C90C6-5F0F-4276-A382-E5FEBBB8989E}.Debug|Any CPU.Build.0 = Debug|Any CPU
		{882C90C6-5F0F-4276-A382-E5FEBBB8989E}.Release|Any CPU.ActiveCfg = Release|Any CPU
		{882C90C6-5F0F-4276-A382-E5FEBBB8989E}.Release|Any CPU.Build.0 = Release|Any CPU
	EndGlobalSection
	GlobalSection(SolutionProperties) = preSolution
		HideSolutionNode = FALSE
	EndGlobalSection
	GlobalSection(ExtensibilityGlobals) = postSolution
		SolutionGuid = {6FB172A6-A91B-491F-8A1C-562C54630D11}
	EndGlobalSection
EndGlobal
